// !$*UTF8*$!
{
	archiveVersion = 1;
	classes = {
	};
	objectVersion = 77;
	objects = {

/* Begin PBXBuildFile section */
		8F684CE62EE8107E00E0BB30 /* ChatBot Watch App.app in Embed Watch Content */ = {isa = PBXBuildFile; fileRef = 8F684CE52EE8107E00E0BB30 /* ChatBot Watch App.app */; settings = {ATTRIBUTES = (RemoveHeadersOnCopy, ); }; };
		8F7C8E482F22F0C5009B6AD6 /* WidgetKit.framework in Frameworks */ = {isa = PBXBuildFile; fileRef = 8F7C8E472F22F0C5009B6AD6 /* WidgetKit.framework */; };
		8F7C8E4A2F22F0C5009B6AD6 /* SwiftUI.framework in Frameworks */ = {isa = PBXBuildFile; fileRef = 8F7C8E492F22F0C5009B6AD6 /* SwiftUI.framework */; };
		8F7C8E572F22F0C6009B6AD6 /* ChatBotWidgetExtension.appex in Embed Foundation Extensions */ = {isa = PBXBuildFile; fileRef = 8F7C8E452F22F0C5009B6AD6 /* ChatBotWidgetExtension.appex */; settings = {ATTRIBUTES = (RemoveHeadersOnCopy, ); }; };
/* End PBXBuildFile section */

/* Begin PBXContainerItemProxy section */
		8F47B9BE2F5B346A0010DBC4 /* PBXContainerItemProxy */ = {
			isa = PBXContainerItemProxy;
			containerPortal = 8F684CD92EE8107E00E0BB30 /* Project object */;
			proxyType = 1;
			remoteGlobalIDString = 8F47B9902F5B2F7F0010DBC4;
			remoteInfo = "ChatBot iOS App";
		};
		8F684CE72EE8107E00E0BB30 /* PBXContainerItemProxy */ = {
			isa = PBXContainerItemProxy;
			containerPortal = 8F684CD92EE8107E00E0BB30 /* Project object */;
			proxyType = 1;
			remoteGlobalIDString = 8F684CE42EE8107E00E0BB30;
			remoteInfo = "ChatBot Watch App";
		};
		8F7C8E552F22F0C6009B6AD6 /* PBXContainerItemProxy */ = {
			isa = PBXContainerItemProxy;
			containerPortal = 8F684CD92EE8107E00E0BB30 /* Project object */;
			proxyType = 1;
			remoteGlobalIDString = 8F7C8E442F22F0C5009B6AD6;
			remoteInfo = ChatBotWidgetExtension;
		};
/* End PBXContainerItemProxy section */

/* Begin PBXCopyFilesBuildPhase section */
		8F684CF52EE8107F00E0BB30 /* Embed Watch Content */ = {
			isa = PBXCopyFilesBuildPhase;
			buildActionMask = 2147483647;
			dstPath = "$(CONTENTS_FOLDER_PATH)/Watch";
			dstSubfolderSpec = 16;
			files = (
				8F684CE62EE8107E00E0BB30 /* ChatBot Watch App.app in Embed Watch Content */,
			);
			name = "Embed Watch Content";
			runOnlyForDeploymentPostprocessing = 0;
		};
		8F7C8E5C2F22F0C6009B6AD6 /* Embed Foundation Extensions */ = {
			isa = PBXCopyFilesBuildPhase;
			buildActionMask = 2147483647;
			dstPath = "";
			dstSubfolderSpec = 13;
			files = (
				8F7C8E572F22F0C6009B6AD6 /* ChatBotWidgetExtension.appex in Embed Foundation Extensions */,
			);
			name = "Embed Foundation Extensions";
			runOnlyForDeploymentPostprocessing = 0;
		};
/* End PBXCopyFilesBuildPhase section */

/* Begin PBXFileReference section */
		8F47B9912F5B2F7F0010DBC4 /* ChatBot iOS App.app */ = {isa = PBXFileReference; explicitFileType = wrapper.application; includeInIndex = 0; path = "ChatBot iOS App.app"; sourceTree = BUILT_PRODUCTS_DIR; };
		8F684CDF2EE8107E00E0BB30 /* ChatBot.app */ = {isa = PBXFileReference; explicitFileType = wrapper.application; includeInIndex = 0; path = ChatBot.app; sourceTree = BUILT_PRODUCTS_DIR; };
		8F684CE52EE8107E00E0BB30 /* ChatBot Watch App.app */ = {isa = PBXFileReference; explicitFileType = wrapper.application; includeInIndex = 0; path = "ChatBot Watch App.app"; sourceTree = BUILT_PRODUCTS_DIR; };
		8F7C8E452F22F0C5009B6AD6 /* ChatBotWidgetExtension.appex */ = {isa = PBXFileReference; explicitFileType = "wrapper.app-extension"; includeInIndex = 0; path = ChatBotWidgetExtension.appex; sourceTree = BUILT_PRODUCTS_DIR; };
		8F7C8E472F22F0C5009B6AD6 /* WidgetKit.framework */ = {isa = PBXFileReference; lastKnownFileType = wrapper.framework; name = WidgetKit.framework; path = System/Library/Frameworks/WidgetKit.framework; sourceTree = SDKROOT; };
		8F7C8E492F22F0C5009B6AD6 /* SwiftUI.framework */ = {isa = PBXFileReference; lastKnownFileType = wrapper.framework; name = SwiftUI.framework; path = System/Library/Frameworks/SwiftUI.framework; sourceTree = SDKROOT; };
/* End PBXFileReference section */

/* Begin PBXFileSystemSynchronizedBuildFileExceptionSet section */
		8F7C8E582F22F0C6009B6AD6 /* Exceptions for "ChatBotWidget" folder in "ChatBotWidgetExtension" target */ = {
			isa = PBXFileSystemSynchronizedBuildFileExceptionSet;
			membershipExceptions = (
				Info.plist,
			);
			target = 8F7C8E442F22F0C5009B6AD6 /* ChatBotWidgetExtension */;
		};
/* End PBXFileSystemSynchronizedBuildFileExceptionSet section */

/* Begin PBXFileSystemSynchronizedRootGroup section */
		8F47B9922F5B2F7F0010DBC4 /* ChatBot iOS App */ = {
			isa = PBXFileSystemSynchronizedRootGroup;
			path = "ChatBot iOS App";
			sourceTree = "<group>";
		};
		8F684CE92EE8107E00E0BB30 /* ChatBot Watch App */ = {
			isa = PBXFileSystemSynchronizedRootGroup;
			path = "ChatBot Watch App";
			sourceTree = "<group>";
		};
		8F7C8E4B2F22F0C5009B6AD6 /* ChatBotWidget */ = {
			isa = PBXFileSystemSynchronizedRootGroup;
			exceptions = (
				8F7C8E582F22F0C6009B6AD6 /* Exceptions for "ChatBotWidget" folder in "ChatBotWidgetExtension" target */,
			);
			path = ChatBotWidget;
			sourceTree = "<group>";
		};
/* End PBXFileSystemSynchronizedRootGroup section */

/* Begin PBXFrameworksBuildPhase section */
		8F47B98E2F5B2F7F0010DBC4 /* Frameworks */ = {
			isa = PBXFrameworksBuildPhase;
			buildActionMask = 2147483647;
			files = (
			);
			runOnlyForDeploymentPostprocessing = 0;
		};
		8F684CE22EE8107E00E0BB30 /* Frameworks */ = {
			isa = PBXFrameworksBuildPhase;
			buildActionMask = 2147483647;
			files = (
			);
			runOnlyForDeploymentPostprocessing = 0;
		};
		8F7C8E422F22F0C5009B6AD6 /* Frameworks */ = {
			isa = PBXFrameworksBuildPhase;
			buildActionMask = 2147483647;
			files = (
				8F7C8E4A2F22F0C5009B6AD6 /* SwiftUI.framework in Frameworks */,
				8F7C8E482F22F0C5009B6AD6 /* WidgetKit.framework in Frameworks */,
			);
			runOnlyForDeploymentPostprocessing = 0;
		};
/* End PBXFrameworksBuildPhase section */

/* Begin PBXGroup section */
		8F684CD82EE8107E00E0BB30 = {
			isa = PBXGroup;
			children = (
				8F684CE92EE8107E00E0BB30 /* ChatBot Watch App */,
				8F7C8E4B2F22F0C5009B6AD6 /* ChatBotWidget */,
				8F47B9922F5B2F7F0010DBC4 /* ChatBot iOS App */,
				8F7C8E462F22F0C5009B6AD6 /* Frameworks */,
				8F684CE02EE8107E00E0BB30 /* Products */,
			);
			sourceTree = "<group>";
		};
		8F684CE02EE8107E00E0BB30 /* Products */ = {
			isa = PBXGroup;
			children = (
				8F684CDF2EE8107E00E0BB30 /* ChatBot.app */,
				8F684CE52EE8107E00E0BB30 /* ChatBot Watch App.app */,
				8F7C8E452F22F0C5009B6AD6 /* ChatBotWidgetExtension.appex */,
				8F47B9912F5B2F7F0010DBC4 /* ChatBot iOS App.app */,
			);
			name = Products;
			sourceTree = "<group>";
		};
		8F7C8E462F22F0C5009B6AD6 /* Frameworks */ = {
			isa = PBXGroup;
			children = (
				8F7C8E472F22F0C5009B6AD6 /* WidgetKit.framework */,
				8F7C8E492F22F0C5009B6AD6 /* SwiftUI.framework */,
			);
			name = Frameworks;
			sourceTree = "<group>";
		};
/* End PBXGroup section */

/* Begin PBXNativeTarget section */
		8F47B9902F5B2F7F0010DBC4 /* ChatBot iOS App */ = {
			isa = PBXNativeTarget;
			buildConfigurationList = 8F47B99B2F5B2F800010DBC4 /* Build configuration list for PBXNativeTarget "ChatBot iOS App" */;
			buildPhases = (
				8F47B98D2F5B2F7F0010DBC4 /* Sources */,
				8F47B98E2F5B2F7F0010DBC4 /* Frameworks */,
				8F47B98F2F5B2F7F0010DBC4 /* Resources */,
				8F684CF52EE8107F00E0BB30 /* Embed Watch Content */,
			);
			buildRules = (
			);
			dependencies = (
				8F684CE82EE8107E00E0BB30 /* PBXTargetDependency */,
			);
			fileSystemSynchronizedGroups = (
				8F47B9922F5B2F7F0010DBC4 /* ChatBot iOS App */,
			);
			name = "ChatBot iOS App";
			packageProductDependencies = (
			);
			productName = "ChatBot iOS App";
			productReference = 8F47B9912F5B2F7F0010DBC4 /* ChatBot iOS App.app */;
			productType = "com.apple.product-type.application";
		};
		8F684CDE2EE8107E00E0BB30 /* ChatBot */ = {
			isa = PBXNativeTarget;
			buildConfigurationList = 8F684CF62EE8107F00E0BB30 /* Build configuration list for PBXNativeTarget "ChatBot" */;
			buildPhases = (
				8F684CDD2EE8107E00E0BB30 /* Resources */,
				8F684CF52EE8107F00E0BB30 /* Embed Watch Content */,
			);
			buildRules = (
			);
			dependencies = (
				8F47B9BF2F5B346A0010DBC4 /* PBXTargetDependency */,
				8F684CE82EE8107E00E0BB30 /* PBXTargetDependency */,
			);
			name = ChatBot;
			packageProductDependencies = (
			);
			productName = ChatBot;
			productReference = 8F684CDF2EE8107E00E0BB30 /* ChatBot.app */;
			productType = "com.apple.product-type.application.watchapp2-container";
		};
		8F684CE42EE8107E00E0BB30 /* ChatBot Watch App */ = {
			isa = PBXNativeTarget;
			buildConfigurationList = 8F684CF22EE8107F00E0BB30 /* Build configuration list for PBXNativeTarget "ChatBot Watch App" */;
			buildPhases = (
				8F684CE12EE8107E00E0BB30 /* Sources */,
				8F684CE22EE8107E00E0BB30 /* Frameworks */,
				8F684CE32EE8107E00E0BB30 /* Resources */,
				8F7C8E5C2F22F0C6009B6AD6 /* Embed Foundation Extensions */,
			);
			buildRules = (
			);
			dependencies = (
				8F7C8E562F22F0C6009B6AD6 /* PBXTargetDependency */,
			);
			fileSystemSynchronizedGroups = (
				8F684CE92EE8107E00E0BB30 /* ChatBot Watch App */,
			);
			name = "ChatBot Watch App";
			packageProductDependencies = (
			);
			productName = "ChatBot Watch App";
			productReference = 8F684CE52EE8107E00E0BB30 /* ChatBot Watch App.app */;
			productType = "com.apple.product-type.application";
		};
		8F7C8E442F22F0C5009B6AD6 /* ChatBotWidgetExtension */ = {
			isa = PBXNativeTarget;
			buildConfigurationList = 8F7C8E592F22F0C6009B6AD6 /* Build configuration list for PBXNativeTarget "ChatBotWidgetExtension" */;
			buildPhases = (
				8F7C8E412F22F0C5009B6AD6 /* Sources */,
				8F7C8E422F22F0C5009B6AD6 /* Frameworks */,
				8F7C8E432F22F0C5009B6AD6 /* Resources */,
			);
			buildRules = (
			);
			dependencies = (
			);
			fileSystemSynchronizedGroups = (
				8F7C8E4B2F22F0C5009B6AD6 /* ChatBotWidget */,
			);
			name = ChatBotWidgetExtension;
			packageProductDependencies = (
			);
			productName = ChatBotWidgetExtension;
			productReference = 8F7C8E452F22F0C5009B6AD6 /* ChatBotWidgetExtension.appex */;
			productType = "com.apple.product-type.app-extension";
		};
/* End PBXNativeTarget section */

/* Begin PBXProject section */
		8F684CD92EE8107E00E0BB30 /* Project object */ = {
			isa = PBXProject;
			attributes = {
				BuildIndependentTargetsInParallel = 1;
				LastSwiftUpdateCheck = 2610;
				LastUpgradeCheck = 2610;
				TargetAttributes = {
					8F47B9902F5B2F7F0010DBC4 = {
						CreatedOnToolsVersion = 26.1.1;
					};
					8F684CDE2EE8107E00E0BB30 = {
						CreatedOnToolsVersion = 26.1.1;
					};
					8F684CE42EE8107E00E0BB30 = {
						CreatedOnToolsVersion = 26.1.1;
					};
					8F7C8E442F22F0C5009B6AD6 = {
						CreatedOnToolsVersion = 26.1.1;
					};
				};
			};
			buildConfigurationList = 8F684CDC2EE8107E00E0BB30 /* Build configuration list for PBXProject "ChatBot" */;
			developmentRegion = en;
			hasScannedForEncodings = 0;
			knownRegions = (
				en,
				Base,
			);
			mainGroup = 8F684CD82EE8107E00E0BB30;
			minimizedProjectReferenceProxies = 1;
			preferredProjectObjectVersion = 77;
			productRefGroup = 8F684CE02EE8107E00E0BB30 /* Products */;
			projectDirPath = "";
			projectRoot = "";
			targets = (
				8F684CDE2EE8107E00E0BB30 /* ChatBot */,
				8F684CE42EE8107E00E0BB30 /* ChatBot Watch App */,
				8F7C8E442F22F0C5009B6AD6 /* ChatBotWidgetExtension */,
				8F47B9902F5B2F7F0010DBC4 /* ChatBot iOS App */,
			);
		};
/* End PBXProject section */

/* Begin PBXResourcesBuildPhase section */
		8F47B98F2F5B2F7F0010DBC4 /* Resources */ = {
			isa = PBXResourcesBuildPhase;
			buildActionMask = 2147483647;
			files = (
			);
			runOnlyForDeploymentPostprocessing = 0;
		};
		8F684CDD2EE8107E00E0BB30 /* Resources */ = {
			isa = PBXResourcesBuildPhase;
			buildActionMask = 2147483647;
			files = (
			);
			runOnlyForDeploymentPostprocessing = 0;
		};
		8F684CE32EE8107E00E0BB30 /* Resources */ = {
			isa = PBXResourcesBuildPhase;
			buildActionMask = 2147483647;
			files = (
			);
			runOnlyForDeploymentPostprocessing = 0;
		};
		8F7C8E432F22F0C5009B6AD6 /* Resources */ = {
			isa = PBXResourcesBuildPhase;
			buildActionMask = 2147483647;
			files = (
			);
			runOnlyForDeploymentPostprocessing = 0;
		};
/* End PBXResourcesBuildPhase section */

/* Begin PBXSourcesBuildPhase section */
		8F47B98D2F5B2F7F0010DBC4 /* Sources */ = {
			isa = PBXSourcesBuildPhase;
			buildActionMask = 2147483647;
			files = (
			);
			runOnlyForDeploymentPostprocessing = 0;
		};
		8F684CE12EE8107E00E0BB30 /* Sources */ = {
			isa = PBXSourcesBuildPhase;
			buildActionMask = 2147483647;
			files = (
			);
			runOnlyForDeploymentPostprocessing = 0;
		};
		8F7C8E412F22F0C5009B6AD6 /* Sources */ = {
			isa = PBXSourcesBuildPhase;
			buildActionMask = 2147483647;
			files = (
			);
			runOnlyForDeploymentPostprocessing = 0;
		};
/* End PBXSourcesBuildPhase section */

/* Begin PBXTargetDependency section */
		8F47B9BF2F5B346A0010DBC4 /* PBXTargetDependency */ = {
			isa = PBXTargetDependency;
			target = 8F47B9902F5B2F7F0010DBC4 /* ChatBot iOS App */;
			targetProxy = 8F47B9BE2F5B346A0010DBC4 /* PBXContainerItemProxy */;
		};
		8F684CE82EE8107E00E0BB30 /* PBXTargetDependency */ = {
			isa = PBXTargetDependency;
			target = 8F684CE42EE8107E00E0BB30 /* ChatBot Watch App */;
			targetProxy = 8F684CE72EE8107E00E0BB30 /* PBXContainerItemProxy */;
		};
		8F7C8E562F22F0C6009B6AD6 /* PBXTargetDependency */ = {
			isa = PBXTargetDependency;
			target = 8F7C8E442F22F0C5009B6AD6 /* ChatBotWidgetExtension */;
			targetProxy = 8F7C8E552F22F0C6009B6AD6 /* PBXContainerItemProxy */;
		};
/* End PBXTargetDependency section */

/* Begin XCBuildConfiguration section */
		8F47B9992F5B2F800010DBC4 /* Debug */ = {
			isa = XCBuildConfiguration;
			buildSettings = {
				ASSETCATALOG_COMPILER_APPICON_NAME = AppIcon;
				ASSETCATALOG_COMPILER_GLOBAL_ACCENT_COLOR_NAME = AccentColor;
				CODE_SIGN_STYLE = Automatic;
				CURRENT_PROJECT_VERSION = 1;
				DEVELOPMENT_TEAM = WLYCJ49M8Y;
				ENABLE_PREVIEWS = YES;
				GENERATE_INFOPLIST_FILE = YES;
				INFOPLIST_KEY_CFBundleDisplayName = OpenChat;
				INFOPLIST_KEY_UIApplicationSceneManifest_Generation = YES;
				INFOPLIST_KEY_UIApplicationSupportsIndirectInputEvents = YES;
				INFOPLIST_KEY_UILaunchScreen_Generation = YES;
				INFOPLIST_KEY_UISupportedInterfaceOrientations_iPad = "UIInterfaceOrientationPortrait UIInterfaceOrientationPortraitUpsideDown UIInterfaceOrientationLandscapeLeft UIInterfaceOrientationLandscapeRight";
				INFOPLIST_KEY_UISupportedInterfaceOrientations_iPhone = "UIInterfaceOrientationPortrait UIInterfaceOrientationLandscapeLeft UIInterfaceOrientationLandscapeRight";
				IPHONEOS_DEPLOYMENT_TARGET = 26.1;
				LD_RUNPATH_SEARCH_PATHS = (
					"$(inherited)",
					"@executable_path/Frameworks",
				);
				MARKETING_VERSION = 1.0;
				PRODUCT_BUNDLE_IDENTIFIER = yamadaryo.dev.ChatBot;
				PRODUCT_NAME = "$(TARGET_NAME)";
				SDKROOT = iphoneos;
				STRING_CATALOG_GENERATE_SYMBOLS = YES;
				SWIFT_APPROACHABLE_CONCURRENCY = YES;
				SWIFT_DEFAULT_ACTOR_ISOLATION = MainActor;
				SWIFT_EMIT_LOC_STRINGS = YES;
				SWIFT_UPCOMING_FEATURE_MEMBER_IMPORT_VISIBILITY = YES;
				SWIFT_VERSION = 5.0;
				TARGETED_DEVICE_FAMILY = "1,2";
			};
			name = Debug;
		};
		8F47B99A2F5B2F800010DBC4 /* Release */ = {
			isa = XCBuildConfiguration;
			buildSettings = {
				ASSETCATALOG_COMPILER_APPICON_NAME = AppIcon;
				ASSETCATALOG_COMPILER_GLOBAL_ACCENT_COLOR_NAME = AccentColor;
				CODE_SIGN_STYLE = Automatic;
				CURRENT_PROJECT_VERSION = 1;
				DEVELOPMENT_TEAM = WLYCJ49M8Y;
				ENABLE_PREVIEWS = YES;
				GENERATE_INFOPLIST_FILE = YES;
				INFOPLIST_KEY_CFBundleDisplayName = OpenChat;
				INFOPLIST_KEY_UIApplicationSceneManifest_Generation = YES;
				INFOPLIST_KEY_UIApplicationSupportsIndirectInputEvents = YES;
				INFOPLIST_KEY_UILaunchScreen_Generation = YES;
				INFOPLIST_KEY_UISupportedInterfaceOrientations_iPad = "UIInterfaceOrientationPortrait UIInterfaceOrientationPortraitUpsideDown UIInterfaceOrientationLandscapeLeft UIInterfaceOrientationLandscapeRight";
				INFOPLIST_KEY_UISupportedInterfaceOrientations_iPhone = "UIInterfaceOrientationPortrait UIInterfaceOrientationLandscapeLeft UIInterfaceOrientationLandscapeRight";
				IPHONEOS_DEPLOYMENT_TARGET = 26.1;
				LD_RUNPATH_SEARCH_PATHS = (
					"$(inherited)",
					"@executable_path/Frameworks",
				);
				MARKETING_VERSION = 1.0;
				PRODUCT_BUNDLE_IDENTIFIER = yamadaryo.dev.ChatBot;
				PRODUCT_NAME = "$(TARGET_NAME)";
				SDKROOT = iphoneos;
				STRING_CATALOG_GENERATE_SYMBOLS = YES;
				SWIFT_APPROACHABLE_CONCURRENCY = YES;
				SWIFT_DEFAULT_ACTOR_ISOLATION = MainActor;
				SWIFT_EMIT_LOC_STRINGS = YES;
				SWIFT_UPCOMING_FEATURE_MEMBER_IMPORT_VISIBILITY = YES;
				SWIFT_VERSION = 5.0;
				TARGETED_DEVICE_FAMILY = "1,2";
				VALIDATE_PRODUCT = YES;
			};
			name = Release;
		};
		8F684CF02EE8107F00E0BB30 /* Debug */ = {
			isa = XCBuildConfiguration;
			buildSettings = {
				ALWAYS_SEARCH_USER_PATHS = NO;
				ASSETCATALOG_COMPILER_GENERATE_SWIFT_ASSET_SYMBOL_EXTENSIONS = YES;
				CLANG_ANALYZER_NONNULL = YES;
				CLANG_ANALYZER_NUMBER_OBJECT_CONVERSION = YES_AGGRESSIVE;
				CLANG_CXX_LANGUAGE_STANDARD = "gnu++20";
				CLANG_ENABLE_MODULES = YES;
				CLANG_ENABLE_OBJC_ARC = YES;
				CLANG_ENABLE_OBJC_WEAK = YES;
				CLANG_WARN_BLOCK_CAPTURE_AUTORELEASING = YES;
				CLANG_WARN_BOOL_CONVERSION = YES;
				CLANG_WARN_COMMA = YES;
				CLANG_WARN_CONSTANT_CONVERSION = YES;
				CLANG_WARN_DEPRECATED_OBJC_IMPLEMENTATIONS = YES;
				CLANG_WARN_DIRECT_OBJC_ISA_USAGE = YES_ERROR;
				CLANG_WARN_DOCUMENTATION_COMMENTS = YES;
				CLANG_WARN_EMPTY_BODY = YES;
				CLANG_WARN_ENUM_CONVERSION = YES;
				CLANG_WARN_INFINITE_RECURSION = YES;
				CLANG_WARN_INT_CONVERSION = YES;
				CLANG_WARN_NON_LITERAL_NULL_CONVERSION = YES;
				CLANG_WARN_OBJC_IMPLICIT_RETAIN_SELF = YES;
				CLANG_WARN_OBJC_LITERAL_CONVERSION = YES;
				CLANG_WARN_OBJC_ROOT_CLASS = YES_ERROR;
				CLANG_WARN_QUOTED_INCLUDE_IN_FRAMEWORK_HEADER = YES;
				CLANG_WARN_RANGE_LOOP_ANALYSIS = YES;
				CLANG_WARN_STRICT_PROTOTYPES = YES;
				CLANG_WARN_SUSPICIOUS_MOVE = YES;
				CLANG_WARN_UNGUARDED_AVAILABILITY = YES_AGGRESSIVE;
				CLANG_WARN_UNREACHABLE_CODE = YES;
				CLANG_WARN__DUPLICATE_METHOD_MATCH = YES;
				COPY_PHASE_STRIP = NO;
				DEBUG_INFORMATION_FORMAT = dwarf;
				DEVELOPMENT_TEAM = 9U8JX382QS;
				ENABLE_STRICT_OBJC_MSGSEND = YES;
				ENABLE_TESTABILITY = YES;
				ENABLE_USER_SCRIPT_SANDBOXING = YES;
				GCC_C_LANGUAGE_STANDARD = gnu17;
				GCC_DYNAMIC_NO_PIC = NO;
				GCC_NO_COMMON_BLOCKS = YES;
				GCC_OPTIMIZATION_LEVEL = 0;
				GCC_PREPROCESSOR_DEFINITIONS = (
					"DEBUG=1",
					"$(inherited)",
				);
				GCC_WARN_64_TO_32_BIT_CONVERSION = YES;
				GCC_WARN_ABOUT_RETURN_TYPE = YES_ERROR;
				GCC_WARN_UNDECLARED_SELECTOR = YES;
				GCC_WARN_UNINITIALIZED_AUTOS = YES_AGGRESSIVE;
				GCC_WARN_UNUSED_FUNCTION = YES;
				GCC_WARN_UNUSED_VARIABLE = YES;
				LOCALIZATION_PREFERS_STRING_CATALOGS = YES;
				MTL_ENABLE_DEBUG_INFO = INCLUDE_SOURCE;
				MTL_FAST_MATH = YES;
				ONLY_ACTIVE_ARCH = YES;
				SWIFT_ACTIVE_COMPILATION_CONDITIONS = "DEBUG $(inherited)";
				SWIFT_OPTIMIZATION_LEVEL = "-Onone";
			};
			name = Debug;
		};
		8F684CF12EE8107F00E0BB30 /* Release */ = {
			isa = XCBuildConfiguration;
			buildSettings = {
				ALWAYS_SEARCH_USER_PATHS = NO;
				ASSETCATALOG_COMPILER_GENERATE_SWIFT_ASSET_SYMBOL_EXTENSIONS = YES;
				CLANG_ANALYZER_NONNULL = YES;
				CLANG_ANALYZER_NUMBER_OBJECT_CONVERSION = YES_AGGRESSIVE;
				CLANG_CXX_LANGUAGE_STANDARD = "gnu++20";
				CLANG_ENABLE_MODULES = YES;
				CLANG_ENABLE_OBJC_ARC = YES;
				CLANG_ENABLE_OBJC_WEAK = YES;
				CLANG_WARN_BLOCK_CAPTURE_AUTORELEASING = YES;
				CLANG_WARN_BOOL_CONVERSION = YES;
				CLANG_WARN_COMMA = YES;
				CLANG_WARN_CONSTANT_CONVERSION = YES;
				CLANG_WARN_DEPRECATED_OBJC_IMPLEMENTATIONS = YES;
				CLANG_WARN_DIRECT_OBJC_ISA_USAGE = YES_ERROR;
				CLANG_WARN_DOCUMENTATION_COMMENTS = YES;
				CLANG_WARN_EMPTY_BODY = YES;
				CLANG_WARN_ENUM_CONVERSION = YES;
				CLANG_WARN_INFINITE_RECURSION = YES;
				CLANG_WARN_INT_CONVERSION = YES;
				CLANG_WARN_NON_LITERAL_NULL_CONVERSION = YES;
				CLANG_WARN_OBJC_IMPLICIT_RETAIN_SELF = YES;
				CLANG_WARN_OBJC_LITERAL_CONVERSION = YES;
				CLANG_WARN_OBJC_ROOT_CLASS = YES_ERROR;
				CLANG_WARN_QUOTED_INCLUDE_IN_FRAMEWORK_HEADER = YES;
				CLANG_WARN_RANGE_LOOP_ANALYSIS = YES;
				CLANG_WARN_STRICT_PROTOTYPES = YES;
				CLANG_WARN_SUSPICIOUS_MOVE = YES;
				CLANG_WARN_UNGUARDED_AVAILABILITY = YES_AGGRESSIVE;
				CLANG_WARN_UNREACHABLE_CODE = YES;
				CLANG_WARN__DUPLICATE_METHOD_MATCH = YES;
				COPY_PHASE_STRIP = NO;
				DEBUG_INFORMATION_FORMAT = "dwarf-with-dsym";
				DEVELOPMENT_TEAM = 9U8JX382QS;
				ENABLE_NS_ASSERTIONS = NO;
				ENABLE_STRICT_OBJC_MSGSEND = YES;
				ENABLE_USER_SCRIPT_SANDBOXING = YES;
				GCC_C_LANGUAGE_STANDARD = gnu17;
				GCC_NO_COMMON_BLOCKS = YES;
				GCC_WARN_64_TO_32_BIT_CONVERSION = YES;
				GCC_WARN_ABOUT_RETURN_TYPE = YES_ERROR;
				GCC_WARN_UNDECLARED_SELECTOR = YES;
				GCC_WARN_UNINITIALIZED_AUTOS = YES_AGGRESSIVE;
				GCC_WARN_UNUSED_FUNCTION = YES;
				GCC_WARN_UNUSED_VARIABLE = YES;
				LOCALIZATION_PREFERS_STRING_CATALOGS = YES;
				MTL_ENABLE_DEBUG_INFO = NO;
				MTL_FAST_MATH = YES;
				SWIFT_COMPILATION_MODE = wholemodule;
			};
			name = Release;
		};
		8F684CF32EE8107F00E0BB30 /* Debug */ = {
			isa = XCBuildConfiguration;
			buildSettings = {
				ASSETCATALOG_COMPILER_APPICON_NAME = AppIcon;
				ASSETCATALOG_COMPILER_GLOBAL_ACCENT_COLOR_NAME = AccentColor;
				CODE_SIGN_ENTITLEMENTS = "ChatBot Watch App/ChatBot Watch App.entitlements";
				CODE_SIGN_IDENTITY = "Apple Development";
				CODE_SIGN_STYLE = Automatic;
				DEVELOPMENT_TEAM = WLYCJ49M8Y;
				ENABLE_PREVIEWS = YES;
				GENERATE_INFOPLIST_FILE = NO;
				INFOPLIST_FILE = WatchInfo.plist;
				LD_RUNPATH_SEARCH_PATHS = (
					"$(inherited)",
					"@executable_path/Frameworks",
				);
				MARKETING_VERSION = 1.0;
				PRODUCT_BUNDLE_IDENTIFIER = yamadaryo.dev.ChatBot.watchkitapp;
				PRODUCT_NAME = "$(TARGET_NAME)";
				PROVISIONING_PROFILE_SPECIFIER = "";
				SDKROOT = watchos;
				SKIP_INSTALL = YES;
				STRING_CATALOG_GENERATE_SYMBOLS = YES;
				SWIFT_APPROACHABLE_CONCURRENCY = YES;
				SWIFT_DEFAULT_ACTOR_ISOLATION = MainActor;
				SWIFT_EMIT_LOC_STRINGS = YES;
				SWIFT_UPCOMING_FEATURE_MEMBER_IMPORT_VISIBILITY = YES;
				SWIFT_VERSION = 5.0;
				TARGETED_DEVICE_FAMILY = 4;
				WATCHOS_DEPLOYMENT_TARGET = 11.5;
			};
			name = Debug;
		};
		8F684CF42EE8107F00E0BB30 /* Release */ = {
			isa = XCBuildConfiguration;
			buildSettings = {
				ASSETCATALOG_COMPILER_APPICON_NAME = AppIcon;
				ASSETCATALOG_COMPILER_GLOBAL_ACCENT_COLOR_NAME = AccentColor;
				CODE_SIGN_ENTITLEMENTS = "ChatBot Watch App/ChatBot Watch App.entitlements";
				CODE_SIGN_STYLE = Automatic;
				DEVELOPMENT_TEAM = WLYCJ49M8Y;
				ENABLE_PREVIEWS = YES;
				GENERATE_INFOPLIST_FILE = NO;
				INFOPLIST_FILE = WatchInfo.plist;
				LD_RUNPATH_SEARCH_PATHS = (
					"$(inherited)",
					"@executable_path/Frameworks",
				);
				MARKETING_VERSION = 1.0;
				PRODUCT_BUNDLE_IDENTIFIER = yamadaryo.dev.ChatBot.watchkitapp;
				PRODUCT_NAME = "$(TARGET_NAME)";
				SDKROOT = watchos;
				SKIP_INSTALL = YES;
				STRING_CATALOG_GENERATE_SYMBOLS = YES;
				SWIFT_APPROACHABLE_CONCURRENCY = YES;
				SWIFT_DEFAULT_ACTOR_ISOLATION = MainActor;
				SWIFT_EMIT_LOC_STRINGS = YES;
				SWIFT_UPCOMING_FEATURE_MEMBER_IMPORT_VISIBILITY = YES;
				SWIFT_VERSION = 5.0;
				TARGETED_DEVICE_FAMILY = 4;
				VALIDATE_PRODUCT = YES;
				WATCHOS_DEPLOYMENT_TARGET = 11.5;
			};
			name = Release;
		};
		8F684CF72EE8107F00E0BB30 /* Debug */ = {
			isa = XCBuildConfiguration;
			buildSettings = {
				CODE_SIGN_STYLE = Automatic;
				CURRENT_PROJECT_VERSION = 1;
				DEVELOPMENT_TEAM = WLYCJ49M8Y;
				INFOPLIST_KEY_CFBundleDisplayName = OpenChat;
				MARKETING_VERSION = 1.0;
				PRODUCT_BUNDLE_IDENTIFIER = yamadaryo.dev.ChatBot;
				PRODUCT_NAME = "$(TARGET_NAME)";
				SDKROOT = iphoneos;
				SWIFT_APPROACHABLE_CONCURRENCY = YES;
				SWIFT_UPCOMING_FEATURE_MEMBER_IMPORT_VISIBILITY = YES;
				SWIFT_VERSION = 5.0;
			};
			name = Debug;
		};
		8F684CF82EE8107F00E0BB30 /* Release */ = {
			isa = XCBuildConfiguration;
			buildSettings = {
				CODE_SIGN_STYLE = Automatic;
				CURRENT_PROJECT_VERSION = 1;
				DEVELOPMENT_TEAM = WLYCJ49M8Y;
				INFOPLIST_KEY_CFBundleDisplayName = OpenChat;
				MARKETING_VERSION = 1.0;
				PRODUCT_BUNDLE_IDENTIFIER = yamadaryo.dev.ChatBot;
				PRODUCT_NAME = "$(TARGET_NAME)";
				SDKROOT = iphoneos;
				SWIFT_APPROACHABLE_CONCURRENCY = YES;
				SWIFT_UPCOMING_FEATURE_MEMBER_IMPORT_VISIBILITY = YES;
				SWIFT_VERSION = 5.0;
				VALIDATE_PRODUCT = YES;
			};
			name = Release;
		};
		8F7C8E5A2F22F0C6009B6AD6 /* Debug */ = {
			isa = XCBuildConfiguration;
			buildSettings = {
				ASSETCATALOG_COMPILER_GLOBAL_ACCENT_COLOR_NAME = AccentColor;
				ASSETCATALOG_COMPILER_WIDGET_BACKGROUND_COLOR_NAME = WidgetBackground;
				CODE_SIGN_IDENTITY = "Apple Development";
				CODE_SIGN_STYLE = Automatic;
				CURRENT_PROJECT_VERSION = 1;
				DEVELOPMENT_TEAM = WLYCJ49M8Y;
				GENERATE_INFOPLIST_FILE = YES;
				INFOPLIST_FILE = ChatBotWidget/Info.plist;
				INFOPLIST_KEY_CFBundleDisplayName = OpenChatWidget;
				INFOPLIST_KEY_NSHumanReadableCopyright = "";
				LD_RUNPATH_SEARCH_PATHS = (
					"$(inherited)",
					"@executable_path/Frameworks",
					"@executable_path/../../Frameworks",
					"@executable_path/../../../../Frameworks",
				);
				MARKETING_VERSION = 1.0;
				PRODUCT_BUNDLE_IDENTIFIER = yamadaryo.dev.ChatBot.watchkitapp.ChatBotWidget;
				PRODUCT_NAME = "$(TARGET_NAME)";
				SDKROOT = watchos;
				SKIP_INSTALL = YES;
				STRING_CATALOG_GENERATE_SYMBOLS = YES;
				SWIFT_APPROACHABLE_CONCURRENCY = YES;
				SWIFT_EMIT_LOC_STRINGS = YES;
				SWIFT_UPCOMING_FEATURE_MEMBER_IMPORT_VISIBILITY = YES;
				SWIFT_VERSION = 5.0;
				TARGETED_DEVICE_FAMILY = 4;
				WATCHOS_DEPLOYMENT_TARGET = 26.1;
			};
			name = Debug;
		};
		8F7C8E5B2F22F0C6009B6AD6 /* Release */ = {
			isa = XCBuildConfiguration;
			buildSettings = {
				ASSETCATALOG_COMPILER_GLOBAL_ACCENT_COLOR_NAME = AccentColor;
				ASSETCATALOG_COMPILER_WIDGET_BACKGROUND_COLOR_NAME = WidgetBackground;
				CODE_SIGN_STYLE = Automatic;
				CURRENT_PROJECT_VERSION = 1;
				DEVELOPMENT_TEAM = WLYCJ49M8Y;
				GENERATE_INFOPLIST_FILE = YES;
				INFOPLIST_FILE = ChatBotWidget/Info.plist;
				INFOPLIST_KEY_CFBundleDisplayName = OpenChatWidget;
				INFOPLIST_KEY_NSHumanReadableCopyright = "";
				LD_RUNPATH_SEARCH_PATHS = (
					"$(inherited)",
					"@executable_path/Frameworks",
					"@executable_path/../../Frameworks",
					"@executable_path/../../../../Frameworks",
				);
				MARKETING_VERSION = 1.0;
				PRODUCT_BUNDLE_IDENTIFIER = yamadaryo.dev.ChatBot.watchkitapp.ChatBotWidget;
				PRODUCT_NAME = "$(TARGET_NAME)";
				SDKROOT = watchos;
				SKIP_INSTALL = YES;
				STRING_CATALOG_GENERATE_SYMBOLS = YES;
				SWIFT_APPROACHABLE_CONCURRENCY = YES;
				SWIFT_EMIT_LOC_STRINGS = YES;
				SWIFT_UPCOMING_FEATURE_MEMBER_IMPORT_VISIBILITY = YES;
				SWIFT_VERSION = 5.0;
				TARGETED_DEVICE_FAMILY = 4;
				VALIDATE_PRODUCT = YES;
				WATCHOS_DEPLOYMENT_TARGET = 26.1;
			};
			name = Release;
		};
/* End XCBuildConfiguration section */

/* Begin XCConfigurationList section */
		8F47B99B2F5B2F800010DBC4 /* Build configuration list for PBXNativeTarget "ChatBot iOS App" */ = {
			isa = XCConfigurationList;
			buildConfigurations = (
				8F47B9992F5B2F800010DBC4 /* Debug */,
				8F47B99A2F5B2F800010DBC4 /* Release */,
			);
			defaultConfigurationIsVisible = 0;
			defaultConfigurationName = Release;
		};
		8F684CDC2EE8107E00E0BB30 /* Build configuration list for PBXProject "ChatBot" */ = {
			isa = XCConfigurationList;
			buildConfigurations = (
				8F684CF02EE8107F00E0BB30 /* Debug */,
				8F684CF12EE8107F00E0BB30 /* Release */,
			);
			defaultConfigurationIsVisible = 0;
			defaultConfigurationName = Release;
		};
		8F684CF22EE8107F00E0BB30 /* Build configuration list for PBXNativeTarget "ChatBot Watch App" */ = {
			isa = XCConfigurationList;
			buildConfigurations = (
				8F684CF32EE8107F00E0BB30 /* Debug */,
				8F684CF42EE8107F00E0BB30 /* Release */,
			);
			defaultConfigurationIsVisible = 0;
			defaultConfigurationName = Release;
		};
		8F684CF62EE8107F00E0BB30 /* Build configuration list for PBXNativeTarget "ChatBot" */ = {
			isa = XCConfigurationList;
			buildConfigurations = (
				8F684CF72EE8107F00E0BB30 /* Debug */,
				8F684CF82EE8107F00E0BB30 /* Release */,
			);
			defaultConfigurationIsVisible = 0;
			defaultConfigurationName = Release;
		};
		8F7C8E592F22F0C6009B6AD6 /* Build configuration list for PBXNativeTarget "ChatBotWidgetExtension" */ = {
			isa = XCConfigurationList;
			buildConfigurations = (
				8F7C8E5A2F22F0C6009B6AD6 /* Debug */,
				8F7C8E5B2F22F0C6009B6AD6 /* Release */,
			);
			defaultConfigurationIsVisible = 0;
			defaultConfigurationName = Release;
		};
/* End XCConfigurationList section */
	};
	rootObject = 8F684CD92EE8107E00E0BB30 /* Project object */;
}
